
Microsoft Visual Studio Solution File, Format Version 12.00
# Visual Studio Version 17
VisualStudioVersion = 17.10.35122.118
MinimumVisualStudioVersion = 10.0.40219.1
Project("{FAE04EC0-301F-11D3-BF4B-00C04F79EFBC}") = "Visitor Management Portal", "Visitor Management Portal\Visitor Management Portal.csproj", "{DF1DB519-73D8-4A6C-AF4C-19B141932E39}"
EndProject
Global
	GlobalSection(SolutionConfigurationPlatforms) = preSolution
		Debug|Any CPU = Debug|Any CPU
		Release|Any CPU = Release|Any CPU
	EndGlobalSection
	GlobalSection(ProjectConfigurationPlatforms) = postSolution
		{DF1DB519-73D8-4A6C-AF4C-19B141932E39}.Debug|Any CPU.ActiveCfg = Debug|Any CPU
		{DF1DB519-73D8-4A6C-AF4C-19B141932E39}.Debug|Any CPU.Build.0 = Debug|Any CPU
		{DF1DB519-73D8-4A6C-AF4C-19B141932E39}.Release|Any CPU.ActiveCfg = Release|Any CPU
		{DF1DB519-73D8-4A6C-AF4C-19B141932E39}.Release|Any CPU.Build.0 = Release|Any CPU
	EndGlobalSection
	GlobalSection(SolutionProperties) = preSolution
		HideSolutionNode = FALSE
	EndGlobalSection
	GlobalSection(ExtensibilityGlobals) = postSolution
		SolutionGuid = {3EC9DD1D-D401-412C-AC49-DB0DD95C7F41}
	EndGlobalSection
EndGlobal
